// !$*UTF8*$!
{
	archiveVersion = 1;
	classes = {
	};
	objectVersion = 48;
	objects = {

/* Begin PBXBuildFile section */
		2D883F3A1FDE625400B853BA /* AppDelegate.m in Sources */ = {isa = PBXBuildFile; fileRef = 2D883F391FDE625400B853BA /* AppDelegate.m */; };
		2D883F3D1FDE625400B853BA /* ViewController.m in Sources */ = {isa = PBXBuildFile; fileRef = 2D883F3C1FDE625400B853BA /* ViewController.m */; };
		2D883F421FDE625400B853BA /* Assets.xcassets in Resources */ = {isa = PBXBuildFile; fileRef = 2D883F411FDE625400B853BA /* Assets.xcassets */; };
		2D883F481FDE625400B853BA /* main.m in Sources */ = {isa = PBXBuildFile; fileRef = 2D883F471FDE625400B853BA /* main.m */; };
		2D883F521FDE625400B853BA /* SkyLineSDK_demoTests.m in Sources */ = {isa = PBXBuildFile; fileRef = 2D883F511FDE625400B853BA /* SkyLineSDK_demoTests.m */; };
		2D883F5D1FDE625400B853BA /* SkyLineSDK_demoUITests.m in Sources */ = {isa = PBXBuildFile; fileRef = 2D883F5C1FDE625400B853BA /* SkyLineSDK_demoUITests.m */; };
		2D883F6D1FDE629100B853BA /* SkyLineSDK.bundle in Resources */ = {isa = PBXBuildFile; fileRef = 2D883F6C1FDE629100B853BA /* SkyLineSDK.bundle */; };
		2DB9211B1FF237BA00F04B55 /* SkyLineSDK.framework in Frameworks */ = {isa = PBXBuildFile; fileRef = 2DB9211A1FF237BA00F04B55 /* SkyLineSDK.framework */; };
/* End PBXBuildFile section */

/* Begin PBXContainerItemProxy section */
		2D883F4E1FDE625400B853BA /* PBXContainerItemProxy */ = {
			isa = PBXContainerItemProxy;
			containerPortal = 2D883F2D1FDE625400B853BA /* Project object */;
			proxyType = 1;
			remoteGlobalIDString = 2D883F341FDE625400B853BA;
			remoteInfo = SkyLineSDK_demo;
		};
		2D883F591FDE625400B853BA /* PBXContainerItemProxy */ = {
			isa = PBXContainerItemProxy;
			containerPortal = 2D883F2D1FDE625400B853BA /* Project object */;
			proxyType = 1;
			remoteGlobalIDString = 2D883F341FDE625400B853BA;
			remoteInfo = SkyLineSDK_demo;
		};
/* End PBXContainerItemProxy section */

/* Begin PBXFileReference section */
		2D883F351FDE625400B853BA /* SkyLineSDK_demo.app */ = {isa = PBXFileReference; explicitFileType = wrapper.application; includeInIndex = 0; path = SkyLineSDK_demo.app; sourceTree = BUILT_PRODUCTS_DIR; };
		2D883F381FDE625400B853BA /* AppDelegate.h */ = {isa = PBXFileReference; lastKnownFileType = sourcecode.c.h; path = AppDelegate.h; sourceTree = "<group>"; };
		2D883F391FDE625400B853BA /* AppDelegate.m */ = {isa = PBXFileReference; lastKnownFileType = sourcecode.c.objc; path = AppDelegate.m; sourceTree = "<group>"; };
		2D883F3B1FDE625400B853BA /* ViewController.h */ = {isa = PBXFileReference; lastKnownFileType = sourcecode.c.h; path = ViewController.h; sourceTree = "<group>"; };
		2D883F3C1FDE625400B853BA /* ViewController.m */ = {isa = PBXFileReference; lastKnownFileType = sourcecode.c.objc; path = ViewController.m; sourceTree = "<group>"; };
		2D883F411FDE625400B853BA /* Assets.xcassets */ = {isa = PBXFileReference; lastKnownFileType = folder.assetcatalog; path = Assets.xcassets; sourceTree = "<group>"; };
		2D883F461FDE625400B853BA /* Info.plist */ = {isa = PBXFileReference; lastKnownFileType = text.plist.xml; path = Info.plist; sourceTree = "<group>"; };
		2D883F471FDE625400B853BA /* main.m */ = {isa = PBXFileReference; lastKnownFileType = sourcecode.c.objc; path = main.m; sourceTree = "<group>"; };
		2D883F4D1FDE625400B853BA /* SkyLineSDK_demoTests.xctest */ = {isa = PBXFileReference; explicitFileType = wrapper.cfbundle; includeInIndex = 0; path = SkyLineSDK_demoTests.xctest; sourceTree = BUILT_PRODUCTS_DIR; };
		2D883F511FDE625400B853BA /* SkyLineSDK_demoTests.m */ = {isa = PBXFileReference; lastKnownFileType = sourcecode.c.objc; path = SkyLineSDK_demoTests.m; sourceTree = "<group>"; };
		2D883F531FDE625400B853BA /* Info.plist */ = {isa = PBXFileReference; lastKnownFileType = text.plist.xml; path = Info.plist; sourceTree = "<group>"; };
		2D883F581FDE625400B853BA /* SkyLineSDK_demoUITests.xctest */ = {isa = PBXFileReference; explicitFileType = wrapper.cfbundle; includeInIndex = 0; path = SkyLineSDK_demoUITests.xctest; sourceTree = BUILT_PRODUCTS_DIR; };
		2D883F5C1FDE625400B853BA /* SkyLineSDK_demoUITests.m */ = {isa = PBXFileReference; lastKnownFileType = sourcecode.c.objc; path = SkyLineSDK_demoUITests.m; sourceTree = "<group>"; };
		2D883F5E1FDE625400B853BA /* Info.plist */ = {isa = PBXFileReference; lastKnownFileType = text.plist.xml; path = Info.plist; sourceTree = "<group>"; };
		2D883F6C1FDE629100B853BA /* SkyLineSDK.bundle */ = {isa = PBXFileReference; lastKnownFileType = "wrapper.plug-in"; path = SkyLineSDK.bundle; sourceTree = "<group>"; };
		2DB9211A1FF237BA00F04B55 /* SkyLineSDK.framework */ = {isa = PBXFileReference; lastKnownFileType = wrapper.framework; path = SkyLineSDK.framework; sourceTree = "<group>"; };
/* End PBXFileReference section */

/* Begin PBXFrameworksBuildPhase section */
		2D883F321FDE625400B853BA /* Frameworks */ = {
			isa = PBXFrameworksBuildPhase;
			buildActionMask = 2147483647;
			files = (
				2DB9211B1FF237BA00F04B55 /* SkyLineSDK.framework in Frameworks */,
			);
			runOnlyForDeploymentPostprocessing = 0;
		};
		2D883F4A1FDE625400B853BA /* Frameworks */ = {
			isa = PBXFrameworksBuildPhase;
			buildActionMask = 2147483647;
			files = (
			);
			runOnlyForDeploymentPostprocessing = 0;
		};
		2D883F551FDE625400B853BA /* Frameworks */ = {
			isa = PBXFrameworksBuildPhase;
			buildActionMask = 2147483647;
			files = (
			);
			runOnlyForDeploymentPostprocessing = 0;
		};
/* End PBXFrameworksBuildPhase section */

/* Begin PBXGroup section */
		2D883F2C1FDE625400B853BA = {
			isa = PBXGroup;
			children = (
				2DB9211A1FF237BA00F04B55 /* SkyLineSDK.framework */,
				2D883F6C1FDE629100B853BA /* SkyLineSDK.bundle */,
				2D883F371FDE625400B853BA /* SkyLineSDK_demo */,
				2D883F501FDE625400B853BA /* SkyLineSDK_demoTests */,
				2D883F5B1FDE625400B853BA /* SkyLineSDK_demoUITests */,
				2D883F361FDE625400B853BA /* Products */,
			);
			sourceTree = "<group>";
		};
		2D883F361FDE625400B853BA /* Products */ = {
			isa = PBXGroup;
			children = (
				2D883F351FDE625400B853BA /* SkyLineSDK_demo.app */,
				2D883F4D1FDE625400B853BA /* SkyLineSDK_demoTests.xctest */,
				2D883F581FDE625400B853BA /* SkyLineSDK_demoUITests.xctest */,
			);
			name = Products;
			sourceTree = "<group>";
		};
		2D883F371FDE625400B853BA /* SkyLineSDK_demo */ = {
			isa = PBXGroup;
			children = (
				2D883F381FDE625400B853BA /* AppDelegate.h */,
				2D883F391FDE625400B853BA /* AppDelegate.m */,
				2D883F3B1FDE625400B853BA /* ViewController.h */,
				2D883F3C1FDE625400B853BA /* ViewController.m */,
				2D883F411FDE625400B853BA /* Assets.xcassets */,
				2D883F461FDE625400B853BA /* Info.plist */,
				2D883F471FDE625400B853BA /* main.m */,
			);
			path = SkyLineSDK_demo;
			sourceTree = "<group>";
		};
		2D883F501FDE625400B853BA /* SkyLineSDK_demoTests */ = {
			isa = PBXGroup;
			children = (
				2D883F511FDE625400B853BA /* SkyLineSDK_demoTests.m */,
				2D883F531FDE625400B853BA /* Info.plist */,
			);
			path = SkyLineSDK_demoTests;
			sourceTree = "<group>";
		};
		2D883F5B1FDE625400B853BA /* SkyLineSDK_demoUITests */ = {
			isa = PBXGroup;
			children = (
				2D883F5C1FDE625400B853BA /* SkyLineSDK_demoUITests.m */,
				2D883F5E1FDE625400B853BA /* Info.plist */,
			);
			path = SkyLineSDK_demoUITests;
			sourceTree = "<group>";
		};
/* End PBXGroup section */

/* Begin PBXNativeTarget section */
		2D883F341FDE625400B853BA /* SkyLineSDK_demo */ = {
			isa = PBXNativeTarget;
			buildConfigurationList = 2D883F611FDE625400B853BA /* Build configuration list for PBXNativeTarget "SkyLineSDK_demo" */;
			buildPhases = (
				2D883F311FDE625400B853BA /* Sources */,
				2D883F321FDE625400B853BA /* Frameworks */,
				2D883F331FDE625400B853BA /* Resources */,
			);
			buildRules = (
			);
			dependencies = (
			);
			name = SkyLineSDK_demo;
			productName = SkyLineSDK_demo;
			productReference = 2D883F351FDE625400B853BA /* SkyLineSDK_demo.app */;
			productType = "com.apple.product-type.application";
		};
		2D883F4C1FDE625400B853BA /* SkyLineSDK_demoTests */ = {
			isa = PBXNativeTarget;
			buildConfigurationList = 2D883F641FDE625400B853BA /* Build configuration list for PBXNativeTarget "SkyLineSDK_demoTests" */;
			buildPhases = (
				2D883F491FDE625400B853BA /* Sources */,
				2D883F4A1FDE625400B853BA /* Frameworks */,
				2D883F4B1FDE625400B853BA /* Resources */,
			);
			buildRules = (
			);
			dependencies = (
				2D883F4F1FDE625400B853BA /* PBXTargetDependency */,
			);
			name = SkyLineSDK_demoTests;
			productName = SkyLineSDK_demoTests;
			productReference = 2D883F4D1FDE625400B853BA /* SkyLineSDK_demoTests.xctest */;
			productType = "com.apple.product-type.bundle.unit-test";
		};
		2D883F571FDE625400B853BA /* SkyLineSDK_demoUITests */ = {
			isa = PBXNativeTarget;
			buildConfigurationList = 2D883F671FDE625400B853BA /* Build configuration list for PBXNativeTarget "SkyLineSDK_demoUITests" */;
			buildPhases = (
				2D883F541FDE625400B853BA /* Sources */,
				2D883F551FDE625400B853BA /* Frameworks */,
				2D883F561FDE625400B853BA /* Resources */,
			);
			buildRules = (
			);
			dependencies = (
				2D883F5A1FDE625400B853BA /* PBXTargetDependency */,
			);
			name = SkyLineSDK_demoUITests;
			productName = SkyLineSDK_demoUITests;
			productReference = 2D883F581FDE625400B853BA /* SkyLineSDK_demoUITests.xctest */;
			productType = "com.apple.product-type.bundle.ui-testing";
		};
/* End PBXNativeTarget section */

/* Begin PBXProject section */
		2D883F2D1FDE625400B853BA /* Project object */ = {
			isa = PBXProject;
			attributes = {
				LastUpgradeCheck = 0910;
				ORGANIZATIONNAME = skyline;
				TargetAttributes = {
					2D883F341FDE625400B853BA = {
						CreatedOnToolsVersion = 9.1;
						ProvisioningStyle = Automatic;
					};
					2D883F4C1FDE625400B853BA = {
						CreatedOnToolsVersion = 9.1;
						ProvisioningStyle = Automatic;
						TestTargetID = 2D883F341FDE625400B853BA;
					};
					2D883F571FDE625400B853BA = {
						CreatedOnToolsVersion = 9.1;
						ProvisioningStyle = Automatic;
						TestTargetID = 2D883F341FDE625400B853BA;
					};
				};
			};
			buildConfigurationList = 2D883F301FDE625400B853BA /* Build configuration list for PBXProject "SkyLineSDK_demo" */;
			compatibilityVersion = "Xcode 8.0";
			developmentRegion = en;
			hasScannedForEncodings = 0;
			knownRegions = (
				en,
				Base,
			);
			mainGroup = 2D883F2C1FDE625400B853BA;
			productRefGroup = 2D883F361FDE625400B853BA /* Products */;
			projectDirPath = "";
			projectRoot = "";
			targets = (
				2D883F341FDE625400B853BA /* SkyLineSDK_demo */,
				2D883F4C1FDE625400B853BA /* SkyLineSDK_demoTests */,
				2D883F571FDE625400B853BA /* SkyLineSDK_demoUITests */,
			);
		};
/* End PBXProject section */

/* Begin PBXResourcesBuildPhase section */
		2D883F331FDE625400B853BA /* Resources */ = {
			isa = PBXResourcesBuildPhase;
			buildActionMask = 2147483647;
			files = (
				2D883F6D1FDE629100B853BA /* SkyLineSDK.bundle in Resources */,
				2D883F421FDE625400B853BA /* Assets.xcassets in Resources */,
			);
			runOnlyForDeploymentPostprocessing = 0;
		};
		2D883F4B1FDE625400B853BA /* Resources */ = {
			isa = PBXResourcesBuildPhase;
			buildActionMask = 2147483647;
			files = (
			);
			runOnlyForDeploymentPostprocessing = 0;
		};
		2D883F561FDE625400B853BA /* Resources */ = {
			isa = PBXResourcesBuildPhase;
			buildActionMask = 2147483647;
			files = (
			);
			runOnlyForDeploymentPostprocessing = 0;
		};
/* End PBXResourcesBuildPhase section */

/* Begin PBXSourcesBuildPhase section */
		2D883F311FDE625400B853BA /* Sources */ = {
			isa = PBXSourcesBuildPhase;
			buildActionMask = 2147483647;
			files = (
				2D883F3D1FDE625400B853BA /* ViewController.m in Sources */,
				2D883F481FDE625400B853BA /* main.m in Sources */,
				2D883F3A1FDE625400B853BA /* AppDelegate.m in Sources */,
			);
			runOnlyForDeploymentPostprocessing = 0;
		};
		2D883F491FDE625400B853BA /* Sources */ = {
			isa = PBXSourcesBuildPhase;
			buildActionMask = 2147483647;
			files = (
				2D883F521FDE625400B853BA /* SkyLineSDK_demoTests.m in Sources */,
			);
			runOnlyForDeploymentPostprocessing = 0;
		};
		2D883F541FDE625400B853BA /* Sources */ = {
			isa = PBXSourcesBuildPhase;
			buildActionMask = 2147483647;
			files = (
				2D883F5D1FDE625400B853BA /* SkyLineSDK_demoUITests.m in Sources */,
			);
			runOnlyForDeploymentPostprocessing = 0;
		};
/* End PBXSourcesBuildPhase section */

/* Begin PBXTargetDependency section */
		2D883F4F1FDE625400B853BA /* PBXTargetDependency */ = {
			isa = PBXTargetDependency;
			target = 2D883F341FDE625400B853BA /* SkyLineSDK_demo */;
			targetProxy = 2D883F4E1FDE625400B853BA /* PBXContainerItemProxy */;
		};
		2D883F5A1FDE625400B853BA /* PBXTargetDependency */ = {
			isa = PBXTargetDependency;
			target = 2D883F341FDE625400B853BA /* SkyLineSDK_demo */;
			targetProxy = 2D883F591FDE625400B853BA /* PBXContainerItemProxy */;
		};
/* End PBXTargetDependency section */

/* Begin XCBuildConfiguration section */
		2D883F5F1FDE625400B853BA /* Debug */ = {
			isa = XCBuildConfiguration;
			buildSettings = {
				ALWAYS_SEARCH_USER_PATHS = NO;
				CLANG_ANALYZER_NONNULL = YES;
				CLANG_ANALYZER_NUMBER_OBJECT_CONVERSION = YES_AGGRESSIVE;
				CLANG_CXX_LANGUAGE_STANDARD = "gnu++14";
				CLANG_CXX_LIBRARY = "libc++";
				CLANG_ENABLE_MODULES = YES;
				CLANG_ENABLE_OBJC_ARC = YES;
				CLANG_WARN_BLOCK_CAPTURE_AUTORELEASING = YES;
				CLANG_WARN_BOOL_CONVERSION = YES;
				CLANG_WARN_COMMA = YES;
				CLANG_WARN_CONSTANT_CONVERSION = YES;
				CLANG_WARN_DIRECT_OBJC_ISA_USAGE = YES_ERROR;
				CLANG_WARN_DOCUMENTATION_COMMENTS = YES;
				CLANG_WARN_EMPTY_BODY = YES;
				CLANG_WARN_ENUM_CONVERSION = YES;
				CLANG_WARN_INFINITE_RECURSION = YES;
				CLANG_WARN_INT_CONVERSION = YES;
				CLANG_WARN_NON_LITERAL_NULL_CONVERSION = YES;
				CLANG_WARN_OBJC_LITERAL_CONVERSION = YES;
				CLANG_WARN_OBJC_ROOT_CLASS = YES_ERROR;
				CLANG_WARN_RANGE_LOOP_ANALYSIS = YES;
				CLANG_WARN_STRICT_PROTOTYPES = YES;
				CLANG_WARN_SUSPICIOUS_MOVE = YES;
				CLANG_WARN_UNGUARDED_AVAILABILITY = YES_AGGRESSIVE;
				CLANG_WARN_UNREACHABLE_CODE = YES;
				CLANG_WARN__DUPLICATE_METHOD_MATCH = YES;
				CODE_SIGN_IDENTITY = "iPhone Developer";
				COPY_PHASE_STRIP = NO;
				DEBUG_INFORMATION_FORMAT = dwarf;
				ENABLE_STRICT_OBJC_MSGSEND = YES;
				ENABLE_TESTABILITY = YES;
				GCC_C_LANGUAGE_STANDARD = gnu11;
				GCC_DYNAMIC_NO_PIC = NO;
				GCC_NO_COMMON_BLOCKS = YES;
				GCC_OPTIMIZATION_LEVEL = 0;
				GCC_PREPROCESSOR_DEFINITIONS = (
					"DEBUG=1",
					"$(inherited)",
				);
				GCC_WARN_64_TO_32_BIT_CONVERSION = YES;
				GCC_WARN_ABOUT_RETURN_TYPE = YES_ERROR;
				GCC_WARN_UNDECLARED_SELECTOR = YES;
				GCC_WARN_UNINITIALIZED_AUTOS = YES_AGGRESSIVE;
				GCC_WARN_UNUSED_FUNCTION = YES;
				GCC_WARN_UNUSED_VARIABLE = YES;
				IPHONEOS_DEPLOYMENT_TARGET = 11.1;
				MTL_ENABLE_DEBUG_INFO = YES;
				ONLY_ACTIVE_ARCH = YES;
				SDKROOT = iphoneos;
			};
			name = Debug;
		};
		2D883F601FDE625400B853BA /* Release */ = {
			isa = XCBuildConfiguration;
			buildSettings = {
				ALWAYS_SEARCH_USER_PATHS = NO;
				CLANG_ANALYZER_NONNULL = YES;
				CLANG_ANALYZER_NUMBER_OBJECT_CONVERSION = YES_AGGRESSIVE;
				CLANG_CXX_LANGUAGE_STANDARD = "gnu++14";
				CLANG_CXX_LIBRARY = "libc++";
				CLANG_ENABLE_MODULES = YES;
				CLANG_ENABLE_OBJC_ARC = YES;
				CLANG_WARN_BLOCK_CAPTURE_AUTORELEASING = YES;
				CLANG_WARN_BOOL_CONVERSION = YES;
				CLANG_WARN_COMMA = YES;
				CLANG_WARN_CONSTANT_CONVERSION = YES;
				CLANG_WARN_DIRECT_OBJC_ISA_USAGE = YES_ERROR;
				CLANG_WARN_DOCUMENTATION_COMMENTS = YES;
				CLANG_WARN_EMPTY_BODY = YES;
				CLANG_WARN_ENUM_CONVERSION = YES;
				CLANG_WARN_INFINITE_RECURSION = YES;
				CLANG_WARN_INT_CONVERSION = YES;
				CLANG_WARN_NON_LITERAL_NULL_CONVERSION = YES;
				CLANG_WARN_OBJC_LITERAL_CONVERSION = YES;
				CLANG_WARN_OBJC_ROOT_CLASS = YES_ERROR;
				CLANG_WARN_RANGE_LOOP_ANALYSIS = YES;
				CLANG_WARN_STRICT_PROTOTYPES = YES;
				CLANG_WARN_SUSPICIOUS_MOVE = YES;
				CLANG_WARN_UNGUARDED_AVAILABILITY = YES_AGGRESSIVE;
				CLANG_WARN_UNREACHABLE_CODE = YES;
				CLANG_WARN__DUPLICATE_METHOD_MATCH = YES;
				CODE_SIGN_IDENTITY = "iPhone Developer";
				COPY_PHASE_STRIP = NO;
				DEBUG_INFORMATION_FORMAT = "dwarf-with-dsym";
				ENABLE_NS_ASSERTIONS = NO;
				ENABLE_STRICT_OBJC_MSGSEND = YES;
				GCC_C_LANGUAGE_STANDARD = gnu11;
				GCC_NO_COMMON_BLOCKS = YES;
				GCC_WARN_64_TO_32_BIT_CONVERSION = YES;
				GCC_WARN_ABOUT_RETURN_TYPE = YES_ERROR;
				GCC_WARN_UNDECLARED_SELECTOR = YES;
				GCC_WARN_UNINITIALIZED_AUTOS = YES_AGGRESSIVE;
				GCC_WARN_UNUSED_FUNCTION = YES;
				GCC_WARN_UNUSED_VARIABLE = YES;
				IPHONEOS_DEPLOYMENT_TARGET = 11.1;
				MTL_ENABLE_DEBUG_INFO = NO;
				SDKROOT = iphoneos;
				VALIDATE_PRODUCT = YES;
			};
			name = Release;
		};
		2D883F621FDE625400B853BA /* Debug */ = {
			isa = XCBuildConfiguration;
			buildSettings = {
				ASSETCATALOG_COMPILER_APPICON_NAME = AppIcon;
				CODE_SIGN_STYLE = Automatic;
				DEVELOPMENT_TEAM = Y4XMC45D3A;
				ENABLE_BITCODE = NO;
				FRAMEWORK_SEARCH_PATHS = (
					"$(inherited)",
					"$(PROJECT_DIR)",
				);
				HEADER_SEARCH_PATHS = "\"$(SRCROOT)/SkyLineSDK.framework\"/**";
				INFOPLIST_FILE = SkyLineSDK_demo/Info.plist;
				IPHONEOS_DEPLOYMENT_TARGET = 11.0;
				LD_RUNPATH_SEARCH_PATHS = "$(inherited) @executable_path/Frameworks";
				OTHER_LDFLAGS = "-all_load";
				PRODUCT_BUNDLE_IDENTIFIER = com.skyline.com;
				PRODUCT_NAME = "$(TARGET_NAME)";
				TARGETED_DEVICE_FAMILY = "1,2";
			};
			name = Debug;
		};
		2D883F631FDE625400B853BA /* Release */ = {
			isa = XCBuildConfiguration;
			buildSettings = {
				ASSETCATALOG_COMPILER_APPICON_NAME = AppIcon;
				CODE_SIGN_STYLE = Automatic;
				DEVELOPMENT_TEAM = Y4XMC45D3A;
				ENABLE_BITCODE = NO;
				FRAMEWORK_SEARCH_PATHS = (
					"$(inherited)",
					"$(PROJECT_DIR)",
				);
				HEADER_SEARCH_PATHS = "\"$(SRCROOT)/SkyLineSDK.framework\"/**";
				INFOPLIST_FILE = SkyLineSDK_demo/Info.plist;
				IPHONEOS_DEPLOYMENT_TARGET = 11.0;
				LD_RUNPATH_SEARCH_PATHS = "$(inherited) @executable_path/Frameworks";
				OTHER_LDFLAGS = "-all_load";
				PRODUCT_BUNDLE_IDENTIFIER = com.skyline.com;
				PRODUCT_NAME = "$(TARGET_NAME)";
				TARGETED_DEVICE_FAMILY = "1,2";
			};
			name = Release;
		};
		2D883F651FDE625400B853BA /* Debug */ = {
			isa = XCBuildConfiguration;
			buildSettings = {
				BUNDLE_LOADER = "$(TEST_HOST)";
				CODE_SIGN_STYLE = Automatic;
				DEVELOPMENT_TEAM = R6PX883BHV;
				INFOPLIST_FILE = SkyLineSDK_demoTests/Info.plist;
				LD_RUNPATH_SEARCH_PATHS = "$(inherited) @executable_path/Frameworks @loader_path/Frameworks";
				PRODUCT_BUNDLE_IDENTIFIER = "com.skyline.SkyLineSDK-demoTests";
				PRODUCT_NAME = "$(TARGET_NAME)";
				TARGETED_DEVICE_FAMILY = "1,2";
				TEST_HOST = "$(BUILT_PRODUCTS_DIR)/SkyLineSDK_demo.app/SkyLineSDK_demo";
			};
			name = Debug;
		};
		2D883F661FDE625400B853BA /* Release */ = {
			isa = XCBuildConfiguration;
			buildSettings = {
				BUNDLE_LOADER = "$(TEST_HOST)";
				CODE_SIGN_STYLE = Automatic;
				DEVELOPMENT_TEAM = R6PX883BHV;
				INFOPLIST_FILE = SkyLineSDK_demoTests/Info.plist;
				LD_RUNPATH_SEARCH_PATHS = "$(inherited) @executable_path/Frameworks @loader_path/Frameworks";
				PRODUCT_BUNDLE_IDENTIFIER = "com.skyline.SkyLineSDK-demoTests";
				PRODUCT_NAME = "$(TARGET_NAME)";
				TARGETED_DEVICE_FAMILY = "1,2";
				TEST_HOST = "$(BUILT_PRODUCTS_DIR)/SkyLineSDK_demo.app/SkyLineSDK_demo";
			};
			name = Release;
		};
		2D883F681FDE625400B853BA /* Debug */ = {
			isa = XCBuildConfiguration;
			buildSettings = {
				CODE_SIGN_STYLE = Automatic;
				DEVELOPMENT_TEAM = R6PX883BHV;
				INFOPLIST_FILE = SkyLineSDK_demoUITests/Info.plist;
				LD_RUNPATH_SEARCH_PATHS = "$(inherited) @executable_path/Frameworks @loader_path/Frameworks";
				PRODUCT_BUNDLE_IDENTIFIER = "com.skyline.SkyLineSDK-demoUITests";
				PRODUCT_NAME = "$(TARGET_NAME)";
				TARGETED_DEVICE_FAMILY = "1,2";
				TEST_TARGET_NAME = SkyLineSDK_demo;
			};
			name = Debug;
		};
		2D883F691FDE625400B853BA /* Release */ = {
			isa = XCBuildConfiguration;
			buildSettings = {
				CODE_SIGN_STYLE = Automatic;
				DEVELOPMENT_TEAM = R6PX883BHV;
				INFOPLIST_FILE = SkyLineSDK_demoUITests/Info.plist;
				LD_RUNPATH_SEARCH_PATHS = "$(inherited) @executable_path/Frameworks @loader_path/Frameworks";
				PRODUCT_BUNDLE_IDENTIFIER = "com.skyline.SkyLineSDK-demoUITests";
				PRODUCT_NAME = "$(TARGET_NAME)";
				TARGETED_DEVICE_FAMILY = "1,2";
				TEST_TARGET_NAME = SkyLineSDK_demo;
			};
			name = Release;
		};
/* End XCBuildConfiguration section */

/* Begin XCConfigurationList section */
		2D883F301FDE625400B853BA /* Build configuration list for PBXProject "SkyLineSDK_demo" */ = {
			isa = XCConfigurationList;
			buildConfigurations = (
				2D883F5F1FDE625400B853BA /* Debug */,
				2D883F601FDE625400B853BA /* Release */,
			);
			defaultConfigurationIsVisible = 0;
			defaultConfigurationName = Release;
		};
		2D883F611FDE625400B853BA /* Build configuration list for PBXNativeTarget "SkyLineSDK_demo" */ = {
			isa = XCConfigurationList;
			buildConfigurations = (
				2D883F621FDE625400B853BA /* Debug */,
				2D883F631FDE625400B853BA /* Release */,
			);
			defaultConfigurationIsVisible = 0;
			defaultConfigurationName = Release;
		};
		2D883F641FDE625400B853BA /* Build configuration list for PBXNativeTarget "SkyLineSDK_demoTests" */ = {
			isa = XCConfigurationList;
			buildConfigurations = (
				2D883F651FDE625400B853BA /* Debug */,
				2D883F661FDE625400B853BA /* Release */,
			);
			defaultConfigurationIsVisible = 0;
			defaultConfigurationName = Release;
		};
		2D883F671FDE625400B853BA /* Build configuration list for PBXNativeTarget "SkyLineSDK_demoUITests" */ = {
			isa = XCConfigurationList;
			buildConfigurations = (
				2D883F681FDE625400B853BA /* Debug */,
				2D883F691FDE625400B853BA /* Release */,
			);
			defaultConfigurationIsVisible = 0;
			defaultConfigurationName = Release;
		};
/* End XCConfigurationList section */
	};
	rootObject = 2D883F2D1FDE625400B853BA /* Project object */;
}
